version = 1
revision = 3
requires-python = "==3.13.*"

[[package]]
name = "annotated-types"
version = "0.7.0"
source = { registry = "https://pypi.tuna.tsinghua.edu.cn/simple" }
sdist = { url = "https://pypi.tuna.tsinghua.edu.cn/packages/ee/67/531ea369ba64dcff5ec9c3402f9f51bf748cec26dde048a2f973a4eea7f5/annotated_types-0.7.0.tar.gz", hash = "sha256:aff07c09a53a08bc8cfccb9c85b05f1aa9a2a6f23728d790723543408344ce89", size = 16081, upload-time = "2024-05-20T21:33:25.928Z" }
wheels = [
    { url = "https://pypi.tuna.tsinghua.edu.cn/packages/78/b6/6307fbef88d9b5ee7421e68d78a9f162e0da4900bc5f5793f6d3d0e34fb8/annotated_types-0.7.0-py3-none-any.whl", hash = "sha256:1f02e8b43a8fbbc3f3e0d4f0f4bfc8131bcb4eebe8849b8e5c773f3a1c582a53", size = 13643, upload-time = "2024-05-20T21:33:24.1Z" },
]

[[package]]
name = "asgiref"
version = "3.10.0"
source = { registry = "https://pypi.tuna.tsinghua.edu.cn/simple" }
sdist = { url = "https://pypi.tuna.tsinghua.edu.cn/packages/46/08/4dfec9b90758a59acc6be32ac82e98d1fbfc321cb5cfa410436dbacf821c/asgiref-3.10.0.tar.gz", hash = "sha256:d89f2d8cd8b56dada7d52fa7dc8075baa08fb836560710d38c292a7a3f78c04e", size = 37483, upload-time = "2025-10-05T09:15:06.557Z" }
wheels = [
    { url = "https://pypi.tuna.tsinghua.edu.cn/packages/17/9c/fc2331f538fbf7eedba64b2052e99ccf9ba9d6888e2f41441ee28847004b/asgiref-3.10.0-py3-none-any.whl", hash = "sha256:aef8a81283a34d0ab31630c9b7dfe70c812c95eba78171367ca8745e88124734", size = 24050, upload-time = "2025-10-05T09:15:05.11Z" },
]

[[package]]
name = "backend"
version = "0.0.1"
source = { virtual = "." }
dependencies = [
    { name = "django-ninja" },
    { name = "django-simpleui" },
    { name = "psycopg", extra = ["binary", "pool"] },
    { name = "uvicorn" },
]

[package.metadata]
requires-dist = [
    { name = "django-ninja" },
    { name = "django-simpleui" },
    { name = "psycopg", extras = ["binary", "pool"] },
    { name = "uvicorn" },
]

[[package]]
name = "click"
version = "8.3.1"
source = { registry = "https://pypi.tuna.tsinghua.edu.cn/simple" }
dependencies = [
    { name = "colorama", marker = "sys_platform == 'win32'" },
]
sdist = { url = "https://pypi.tuna.tsinghua.edu.cn/packages/3d/fa/656b739db8587d7b5dfa22e22ed02566950fbfbcdc20311993483657a5c0/click-8.3.1.tar.gz", hash = "sha256:12ff4785d337a1bb490bb7e9c2b1ee5da3112e94a8622f26a6c77f5d2fc6842a", size = 295065, upload-time = "2025-11-15T20:45:42.706Z" }
wheels = [
    { url = "https://pypi.tuna.tsinghua.edu.cn/packages/98/78/01c019cdb5d6498122777c1a43056ebb3ebfeef2076d9d026bfe15583b2b/click-8.3.1-py3-none-any.whl", hash = "sha256:981153a64e25f12d547d3426c367a4857371575ee7ad18df2a6183ab0545b2a6", size = 108274, upload-time = "2025-11-15T20:45:41.139Z" },
]

[[package]]
name = "colorama"
version = "0.4.6"
source = { registry = "https://pypi.tuna.tsinghua.edu.cn/simple" }
sdist = { url = "https://pypi.tuna.tsinghua.edu.cn/packages/d8/53/6f443c9a4a8358a93a6792e2acffb9d9d5cb0a5cfd8802644b7b1c9a02e4/colorama-0.4.6.tar.gz", hash = "sha256:08695f5cb7ed6e0531a20572697297273c47b8cae5a63ffc6d6ed5c201be6e44", size = 27697, upload-time = "2022-10-25T02:36:22.414Z" }
wheels = [
    { url = "https://pypi.tuna.tsinghua.edu.cn/packages/d1/d6/3965ed04c63042e047cb6a3e6ed1a63a35087b6a609aa3a15ed8ac56c221/colorama-0.4.6-py2.py3-none-any.whl", hash = "sha256:4f1d9991f5acc0ca119f9d443620b77f9d6b33703e51011c16baf57afb285fc6", size = 25335, upload-time = "2022-10-25T02:36:20.889Z" },
]

[[package]]
name = "django"
version = "5.2.8"
source = { registry = "https://pypi.tuna.tsinghua.edu.cn/simple" }
dependencies = [
    { name = "asgiref" },
    { name = "sqlparse" },
    { name = "tzdata", marker = "sys_platform == 'win32'" },
]
sdist = { url = "https://pypi.tuna.tsinghua.edu.cn/packages/05/a2/933dbbb3dd9990494960f6e64aca2af4c0745b63b7113f59a822df92329e/django-5.2.8.tar.gz", hash = "sha256:23254866a5bb9a2cfa6004e8b809ec6246eba4b58a7589bc2772f1bcc8456c7f", size = 10849032, upload-time = "2025-11-05T14:07:32.778Z" }
wheels = [
    { url = "https://pypi.tuna.tsinghua.edu.cn/packages/5e/3d/a035a4ee9b1d4d4beee2ae6e8e12fe6dee5514b21f62504e22efcbd9fb46/django-5.2.8-py3-none-any.whl", hash = "sha256:37e687f7bd73ddf043e2b6b97cfe02fcbb11f2dbb3adccc6a2b18c6daa054d7f", size = 8289692, upload-time = "2025-11-05T14:07:28.761Z" },
]

[[package]]
name = "django-ninja"
version = "1.5.0"
source = { registry = "https://pypi.tuna.tsinghua.edu.cn/simple" }
dependencies = [
    { name = "django" },
    { name = "pydantic" },
]
sdist = { url = "https://pypi.tuna.tsinghua.edu.cn/packages/cc/12/4f3d739994b15a5af7da9b028ddad6bbb2f6634b5b1f0fc19e6e29ccacad/django_ninja-1.5.0.tar.gz", hash = "sha256:181bc8266a684be8c4cdd8f555d8ccbbc72e9fad86a5928ddccdd13faf73a1c5", size = 3725725, upload-time = "2025-11-13T17:58:02.502Z" }
wheels = [
    { url = "https://pypi.tuna.tsinghua.edu.cn/packages/e6/51/86968a38f074a56a675d72d470dce9405c9ddb53856c1686ca5e2ba44f81/django_ninja-1.5.0-py3-none-any.whl", hash = "sha256:e305fc42588406a202d4479263b501813ec863a3a4e11cb091fb905ecdf9bc62", size = 2428939, upload-time = "2025-11-13T17:57:59.967Z" },
]

[[package]]
name = "django-simpleui"
version = "2025.6.24"
source = { registry = "https://pypi.tuna.tsinghua.edu.cn/simple" }
dependencies = [
    { name = "django" },
]
sdist = { url = "https://pypi.tuna.tsinghua.edu.cn/packages/97/d7/57ac337258399c33c28b5d960407e2c640f22a2edabf2e894d1b51e25fee/django-simpleui-2025.6.24.tar.gz", hash = "sha256:95d1224454a0531071ec7fcd1c6f57acf90e85160c72d6b1d23d538c3a92f4ed", size = 6483918, upload-time = "2025-06-24T06:35:27.545Z" }

[[package]]
name = "h11"
version = "0.16.0"
source = { registry = "https://pypi.tuna.tsinghua.edu.cn/simple" }
sdist = { url = "https://pypi.tuna.tsinghua.edu.cn/packages/01/ee/02a2c011bdab74c6fb3c75474d40b3052059d95df7e73351460c8588d963/h11-0.16.0.tar.gz", hash = "sha256:4e35b956cf45792e4caa5885e69fba00bdbc6ffafbfa020300e549b208ee5ff1", size = 101250, upload-time = "2025-04-24T03:35:25.427Z" }
wheels = [
    { url = "https://pypi.tuna.tsinghua.edu.cn/packages/04/4b/29cac41a4d98d144bf5f6d33995617b185d14b22401f75ca86f384e87ff1/h11-0.16.0-py3-none-any.whl", hash = "sha256:63cf8bbe7522de3bf65932fda1d9c2772064ffb3dae62d55932da54b31cb6c86", size = 37515, upload-time = "2025-04-24T03:35:24.344Z" },
]

[[package]]
name = "psycopg"
version = "3.2.12"
source = { registry = "https://pypi.tuna.tsinghua.edu.cn/simple" }
dependencies = [
    { name = "tzdata", marker = "sys_platform == 'win32'" },
]
sdist = { url = "https://pypi.tuna.tsinghua.edu.cn/packages/a8/77/c72d10262b872617e509a0c60445afcc4ce2cd5cd6bc1c97700246d69c85/psycopg-3.2.12.tar.gz", hash = "sha256:85c08d6f6e2a897b16280e0ff6406bef29b1327c045db06d21f364d7cd5da90b", size = 160642, upload-time = "2025-10-26T00:46:03.045Z" }
wheels = [
    { url = "https://pypi.tuna.tsinghua.edu.cn/packages/c8/28/8c4f90e415411dc9c78d6ba10b549baa324659907c13f64bfe3779d4066c/psycopg-3.2.12-py3-none-any.whl", hash = "sha256:8a1611a2d4c16ae37eada46438be9029a35bb959bb50b3d0e1e93c0f3d54c9ee", size = 206765, upload-time = "2025-10-26T00:10:42.173Z" },
]

[package.optional-dependencies]
binary = [
    { name = "psycopg-binary", marker = "implementation_name != 'pypy'" },
]
pool = [
    { name = "psycopg-pool" },
]

[[package]]
name = "psycopg-binary"
version = "3.2.12"
source = { registry = "https://pypi.tuna.tsinghua.edu.cn/simple" }
wheels = [
    { url = "https://pypi.tuna.tsinghua.edu.cn/packages/b2/0b/9d480aba4a4864832c29e6fc94ddd34d9927c276448eb3b56ffe24ed064c/psycopg_binary-3.2.12-cp313-cp313-macosx_10_13_x86_64.whl", hash = "sha256:442f20153415f374ae5753ca618637611a41a3c58c56d16ce55f845d76a3cf7b", size = 4017829, upload-time = "2025-10-26T00:26:27.031Z" },
    { url = "https://pypi.tuna.tsinghua.edu.cn/packages/a4/f3/0d294b30349bde24a46741a1f27a10e8ab81e9f4118d27c2fe592acfb42a/psycopg_binary-3.2.12-cp313-cp313-macosx_11_0_arm64.whl", hash = "sha256:79de3cc5adbf51677009a8fda35ac9e9e3686d5595ab4b0c43ec7099ece6aeb5", size = 4089835, upload-time = "2025-10-26T00:27:01.392Z" },
    { url = "https://pypi.tuna.tsinghua.edu.cn/packages/82/d4/ff82e318e5a55d6951b278d3af7b4c7c1b19344e3a3722b6613f156a38ea/psycopg_binary-3.2.12-cp313-cp313-manylinux2014_aarch64.manylinux_2_17_aarch64.whl", hash = "sha256:095ccda59042a1239ac2fefe693a336cb5cecf8944a8d9e98b07f07e94e2b78d", size = 4625474, upload-time = "2025-10-26T00:27:40.34Z" },
    { url = "https://pypi.tuna.tsinghua.edu.cn/packages/b1/e8/2c9df6475a5ab6d614d516f4497c568d84f7d6c21d0e11444468c9786c9f/psycopg_binary-3.2.12-cp313-cp313-manylinux2014_ppc64le.manylinux_2_17_ppc64le.whl", hash = "sha256:efab679a2c7d1bf7d0ec0e1ecb47fe764945eff75bb4321f2e699b30a12db9b3", size = 4720350, upload-time = "2025-10-26T00:28:20.104Z" },
    { url = "https://pypi.tuna.tsinghua.edu.cn/packages/74/f5/7aec81b0c41985dc006e2d5822486ad4b7c2a1a97a5a05e37dc2adaf1512/psycopg_binary-3.2.12-cp313-cp313-manylinux2014_x86_64.manylinux_2_17_x86_64.whl", hash = "sha256:d369e79ad9647fc8217cbb51bbbf11f9a1ffca450be31d005340157ffe8e91b3", size = 4411621, upload-time = "2025-10-26T00:28:59.104Z" },
    { url = "https://pypi.tuna.tsinghua.edu.cn/packages/fc/15/d3cb41b8fa9d5f14320ab250545fbb66f9ddb481e448e618902672a806c0/psycopg_binary-3.2.12-cp313-cp313-musllinux_1_2_aarch64.whl", hash = "sha256:eedc410f82007038030650aa58f620f9fe0009b9d6b04c3dc71cbd3bae5b2675", size = 3863081, upload-time = "2025-10-26T00:29:31.235Z" },
    { url = "https://pypi.tuna.tsinghua.edu.cn/packages/69/8a/72837664e63e3cd3aa145cedcf29e5c21257579739aba78ab7eb668f7d9c/psycopg_binary-3.2.12-cp313-cp313-musllinux_1_2_ppc64le.whl", hash = "sha256:f3bae4be7f6781bf6c9576eedcd5e1bb74468126fa6de991e47cdb1a8ea3a42a", size = 3537428, upload-time = "2025-10-26T00:30:01.465Z" },
    { url = "https://pypi.tuna.tsinghua.edu.cn/packages/cc/7e/1b78ae38e7d69e6d7fb1e2dcce101493f5fa429480bac3a68b876c9b1635/psycopg_binary-3.2.12-cp313-cp313-musllinux_1_2_x86_64.whl", hash = "sha256:8ffe75fe6be902dadd439adf4228c98138a992088e073ede6dd34e7235f4e03e", size = 3585981, upload-time = "2025-10-26T00:30:31.635Z" },
    { url = "https://pypi.tuna.tsinghua.edu.cn/packages/a3/f8/245b4868b2dac46c3fb6383b425754ae55df1910c826d305ed414da03777/psycopg_binary-3.2.12-cp313-cp313-win_amd64.whl", hash = "sha256:2598d0e4f2f258da13df0560187b3f1dfc9b8688c46b9d90176360ae5212c3fc", size = 2912929, upload-time = "2025-10-26T00:30:56.413Z" },
]

[[package]]
name = "psycopg-pool"
version = "3.2.7"
source = { registry = "https://pypi.tuna.tsinghua.edu.cn/simple" }
dependencies = [
    { name = "typing-extensions" },
]
sdist = { url = "https://pypi.tuna.tsinghua.edu.cn/packages/9d/8f/3ec52b17087c2ed5fa32b64fd4814dde964c9aa4bd49d0d30fc24725ca6d/psycopg_pool-3.2.7.tar.gz", hash = "sha256:a77d531bfca238e49e5fb5832d65b98e69f2c62bfda3d2d4d833696bdc9ca54b", size = 29765, upload-time = "2025-10-26T00:46:10.379Z" }
wheels = [
    { url = "https://pypi.tuna.tsinghua.edu.cn/packages/e7/59/74e752f605c6f0e351d4cf1c54fb9a1616dc800db4572b95bbfbb1a6225f/psycopg_pool-3.2.7-py3-none-any.whl", hash = "sha256:4b47bb59d887ef5da522eb63746b9f70e2faf967d34aac4f56ffc65e9606728f", size = 38232, upload-time = "2025-10-26T00:46:00.496Z" },
]

[[package]]
name = "pydantic"
version = "2.12.4"
source = { registry = "https://pypi.tuna.tsinghua.edu.cn/simple" }
dependencies = [
    { name = "annotated-types" },
    { name = "pydantic-core" },
    { name = "typing-extensions" },
    { name = "typing-inspection" },
]
sdist = { url = "https://pypi.tuna.tsinghua.edu.cn/packages/96/ad/a17bc283d7d81837c061c49e3eaa27a45991759a1b7eae1031921c6bd924/pydantic-2.12.4.tar.gz", hash = "sha256:0f8cb9555000a4b5b617f66bfd2566264c4984b27589d3b845685983e8ea85ac", size = 821038, upload-time = "2025-11-05T10:50:08.59Z" }
wheels = [
    { url = "https://pypi.tuna.tsinghua.edu.cn/packages/82/2f/e68750da9b04856e2a7ec56fc6f034a5a79775e9b9a81882252789873798/pydantic-2.12.4-py3-none-any.whl", hash = "sha256:92d3d202a745d46f9be6df459ac5a064fdaa3c1c4cd8adcfa332ccf3c05f871e", size = 463400, upload-time = "2025-11-05T10:50:06.732Z" },
]

[[package]]
name = "pydantic-core"
version = "2.41.5"
source = { registry = "https://pypi.tuna.tsinghua.edu.cn/simple" }
dependencies = [
    { name = "typing-extensions" },
]
sdist = { url = "https://pypi.tuna.tsinghua.edu.cn/packages/71/70/23b021c950c2addd24ec408e9ab05d59b035b39d97cdc1130e1bce647bb6/pydantic_core-2.41.5.tar.gz", hash = "sha256:08daa51ea16ad373ffd5e7606252cc32f07bc72b28284b6bc9c6df804816476e", size = 460952, upload-time = "2025-11-04T13:43:49.098Z" }
wheels = [
    { url = "https://pypi.tuna.tsinghua.edu.cn/packages/87/06/8806241ff1f70d9939f9af039c6c35f2360cf16e93c2ca76f184e76b1564/pydantic_core-2.41.5-cp313-cp313-macosx_10_12_x86_64.whl", hash = "sha256:941103c9be18ac8daf7b7adca8228f8ed6bb7a1849020f643b3a14d15b1924d9", size = 2120403, upload-time = "2025-11-04T13:40:25.248Z" },
    { url = "https://pypi.tuna.tsinghua.edu.cn/packages/94/02/abfa0e0bda67faa65fef1c84971c7e45928e108fe24333c81f3bfe35d5f5/pydantic_core-2.41.5-cp313-cp313-macosx_11_0_arm64.whl", hash = "sha256:112e305c3314f40c93998e567879e887a3160bb8689ef3d2c04b6cc62c33ac34", size = 1896206, upload-time = "2025-11-04T13:40:27.099Z" },
    { url = "https://pypi.tuna.tsinghua.edu.cn/packages/15/df/a4c740c0943e93e6500f9eb23f4ca7ec9bf71b19e608ae5b579678c8d02f/pydantic_core-2.41.5-cp313-cp313-manylinux_2_17_aarch64.manylinux2014_aarch64.whl", hash = "sha256:0cbaad15cb0c90aa221d43c00e77bb33c93e8d36e0bf74760cd00e732d10a6a0", size = 1919307, upload-time = "2025-11-04T13:40:29.806Z" },
    { url = "https://pypi.tuna.tsinghua.edu.cn/packages/9a/e3/6324802931ae1d123528988e0e86587c2072ac2e5394b4bc2bc34b61ff6e/pydantic_core-2.41.5-cp313-cp313-manylinux_2_17_armv7l.manylinux2014_armv7l.whl", hash = "sha256:03ca43e12fab6023fc79d28ca6b39b05f794ad08ec2feccc59a339b02f2b3d33", size = 2063258, upload-time = "2025-11-04T13:40:33.544Z" },
    { url = "https://pypi.tuna.tsinghua.edu.cn/packages/c9/d4/2230d7151d4957dd79c3044ea26346c148c98fbf0ee6ebd41056f2d62ab5/pydantic_core-2.41.5-cp313-cp313-manylinux_2_17_ppc64le.manylinux2014_ppc64le.whl", hash = "sha256:dc799088c08fa04e43144b164feb0c13f9a0bc40503f8df3e9fde58a3c0c101e", size = 2214917, upload-time = "2025-11-04T13:40:35.479Z" },
    { url = "https://pypi.tuna.tsinghua.edu.cn/packages/e6/9f/eaac5df17a3672fef0081b6c1bb0b82b33ee89aa5cec0d7b05f52fd4a1fa/pydantic_core-2.41.5-cp313-cp313-manylinux_2_17_s390x.manylinux2014_s390x.whl", hash = "sha256:97aeba56665b4c3235a0e52b2c2f5ae9cd071b8a8310ad27bddb3f7fb30e9aa2", size = 2332186, upload-time = "2025-11-04T13:40:37.436Z" },
    { url = "https://pypi.tuna.tsinghua.edu.cn/packages/cf/4e/35a80cae583a37cf15604b44240e45c05e04e86f9cfd766623149297e971/pydantic_core-2.41.5-cp313-cp313-manylinux_2_17_x86_64.manylinux2014_x86_64.whl", hash = "sha256:406bf18d345822d6c21366031003612b9c77b3e29ffdb0f612367352aab7d586", size = 2073164, upload-time = "2025-11-04T13:40:40.289Z" },
    { url = "https://pypi.tuna.tsinghua.edu.cn/packages/bf/e3/f6e262673c6140dd3305d144d032f7bd5f7497d3871c1428521f19f9efa2/pydantic_core-2.41.5-cp313-cp313-manylinux_2_5_i686.manylinux1_i686.whl", hash = "sha256:b93590ae81f7010dbe380cdeab6f515902ebcbefe0b9327cc4804d74e93ae69d", size = 2179146, upload-time = "2025-11-04T13:40:42.809Z" },
    { url = "https://pypi.tuna.tsinghua.edu.cn/packages/75/c7/20bd7fc05f0c6ea2056a4565c6f36f8968c0924f19b7d97bbfea55780e73/pydantic_core-2.41.5-cp313-cp313-musllinux_1_1_aarch64.whl", hash = "sha256:01a3d0ab748ee531f4ea6c3e48ad9dac84ddba4b0d82291f87248f2f9de8d740", size = 2137788, upload-time = "2025-11-04T13:40:44.752Z" },
    { url = "https://pypi.tuna.tsinghua.edu.cn/packages/3a/8d/34318ef985c45196e004bc46c6eab2eda437e744c124ef0dbe1ff2c9d06b/pydantic_core-2.41.5-cp313-cp313-musllinux_1_1_armv7l.whl", hash = "sha256:6561e94ba9dacc9c61bce40e2d6bdc3bfaa0259d3ff36ace3b1e6901936d2e3e", size = 2340133, upload-time = "2025-11-04T13:40:46.66Z" },
    { url = "https://pypi.tuna.tsinghua.edu.cn/packages/9c/59/013626bf8c78a5a5d9350d12e7697d3d4de951a75565496abd40ccd46bee/pydantic_core-2.41.5-cp313-cp313-musllinux_1_1_x86_64.whl", hash = "sha256:915c3d10f81bec3a74fbd4faebe8391013ba61e5a1a8d48c4455b923bdda7858", size = 2324852, upload-time = "2025-11-04T13:40:48.575Z" },
    { url = "https://pypi.tuna.tsinghua.edu.cn/packages/1a/d9/c248c103856f807ef70c18a4f986693a46a8ffe1602e5d361485da502d20/pydantic_core-2.41.5-cp313-cp313-win32.whl", hash = "sha256:650ae77860b45cfa6e2cdafc42618ceafab3a2d9a3811fcfbd3bbf8ac3c40d36", size = 1994679, upload-time = "2025-11-04T13:40:50.619Z" },
    { url = "https://pypi.tuna.tsinghua.edu.cn/packages/9e/8b/341991b158ddab181cff136acd2552c9f35bd30380422a639c0671e99a91/pydantic_core-2.41.5-cp313-cp313-win_amd64.whl", hash = "sha256:79ec52ec461e99e13791ec6508c722742ad745571f234ea6255bed38c6480f11", size = 2019766, upload-time = "2025-11-04T13:40:52.631Z" },
    { url = "https://pypi.tuna.tsinghua.edu.cn/packages/73/7d/f2f9db34af103bea3e09735bb40b021788a5e834c81eedb541991badf8f5/pydantic_core-2.41.5-cp313-cp313-win_arm64.whl", hash = "sha256:3f84d5c1b4ab906093bdc1ff10484838aca54ef08de4afa9de0f5f14d69639cd", size = 1981005, upload-time = "2025-11-04T13:40:54.734Z" },
]

[[package]]
name = "sqlparse"
version = "0.5.3"
source = { registry = "https://pypi.tuna.tsinghua.edu.cn/simple" }
sdist = { url = "https://pypi.tuna.tsinghua.edu.cn/packages/e5/40/edede8dd6977b0d3da179a342c198ed100dd2aba4be081861ee5911e4da4/sqlparse-0.5.3.tar.gz", hash = "sha256:09f67787f56a0b16ecdbde1bfc7f5d9c3371ca683cfeaa8e6ff60b4807ec9272", size = 84999, upload-time = "2024-12-10T12:05:30.728Z" }
wheels = [
    { url = "https://pypi.tuna.tsinghua.edu.cn/packages/a9/5c/bfd6bd0bf979426d405cc6e71eceb8701b148b16c21d2dc3c261efc61c7b/sqlparse-0.5.3-py3-none-any.whl", hash = "sha256:cf2196ed3418f3ba5de6af7e82c694a9fbdbfecccdfc72e281548517081f16ca", size = 44415, upload-time = "2024-12-10T12:05:27.824Z" },
]

[[package]]
name = "typing-extensions"
version = "4.15.0"
source = { registry = "https://pypi.tuna.tsinghua.edu.cn/simple" }
sdist = { url = "https://pypi.tuna.tsinghua.edu.cn/packages/72/94/1a15dd82efb362ac84269196e94cf00f187f7ed21c242792a923cdb1c61f/typing_extensions-4.15.0.tar.gz", hash = "sha256:0cea48d173cc12fa28ecabc3b837ea3cf6f38c6d1136f85cbaaf598984861466", size = 109391, upload-time = "2025-08-25T13:49:26.313Z" }
wheels = [
    { url = "https://pypi.tuna.tsinghua.edu.cn/packages/18/67/36e9267722cc04a6b9f15c7f3441c2363321a3ea07da7ae0c0707beb2a9c/typing_extensions-4.15.0-py3-none-any.whl", hash = "sha256:f0fa19c6845758ab08074a0cfa8b7aecb71c999ca73d62883bc25cc018c4e548", size = 44614, upload-time = "2025-08-25T13:49:24.86Z" },
]

[[package]]
name = "typing-inspection"
version = "0.4.2"
source = { registry = "https://pypi.tuna.tsinghua.edu.cn/simple" }
dependencies = [
    { name = "typing-extensions" },
]
sdist = { url = "https://pypi.tuna.tsinghua.edu.cn/packages/55/e3/70399cb7dd41c10ac53367ae42139cf4b1ca5f36bb3dc6c9d33acdb43655/typing_inspection-0.4.2.tar.gz", hash = "sha256:ba561c48a67c5958007083d386c3295464928b01faa735ab8547c5692e87f464", size = 75949, upload-time = "2025-10-01T02:14:41.687Z" }
wheels = [
    { url = "https://pypi.tuna.tsinghua.edu.cn/packages/dc/9b/47798a6c91d8bdb567fe2698fe81e0c6b7cb7ef4d13da4114b41d239f65d/typing_inspection-0.4.2-py3-none-any.whl", hash = "sha256:4ed1cacbdc298c220f1bd249ed5287caa16f34d44ef4e9c3d0cbad5b521545e7", size = 14611, upload-time = "2025-10-01T02:14:40.154Z" },
]

[[package]]
name = "tzdata"
version = "2025.2"
source = { registry = "https://pypi.tuna.tsinghua.edu.cn/simple" }
sdist = { url = "https://pypi.tuna.tsinghua.edu.cn/packages/95/32/1a225d6164441be760d75c2c42e2780dc0873fe382da3e98a2e1e48361e5/tzdata-2025.2.tar.gz", hash = "sha256:b60a638fcc0daffadf82fe0f57e53d06bdec2f36c4df66280ae79bce6bd6f2b9", size = 196380, upload-time = "2025-03-23T13:54:43.652Z" }
wheels = [
    { url = "https://pypi.tuna.tsinghua.edu.cn/packages/5c/23/c7abc0ca0a1526a0774eca151daeb8de62ec457e77262b66b359c3c7679e/tzdata-2025.2-py2.py3-none-any.whl", hash = "sha256:1a403fada01ff9221ca8044d701868fa132215d84beb92242d9acd2147f667a8", size = 347839, upload-time = "2025-03-23T13:54:41.845Z" },
]

[[package]]
name = "uvicorn"
version = "0.38.0"
source = { registry = "https://pypi.tuna.tsinghua.edu.cn/simple" }
dependencies = [
    { name = "click" },
    { name = "h11" },
]
sdist = { url = "https://pypi.tuna.tsinghua.edu.cn/packages/cb/ce/f06b84e2697fef4688ca63bdb2fdf113ca0a3be33f94488f2cadb690b0cf/uvicorn-0.38.0.tar.gz", hash = "sha256:fd97093bdd120a2609fc0d3afe931d4d4ad688b6e75f0f929fde1bc36fe0e91d", size = 80605, upload-time = "2025-10-18T13:46:44.63Z" }
wheels = [
    { url = "https://pypi.tuna.tsinghua.edu.cn/packages/ee/d9/d88e73ca598f4f6ff671fb5fde8a32925c2e08a637303a1d12883c7305fa/uvicorn-0.38.0-py3-none-any.whl", hash = "sha256:48c0afd214ceb59340075b4a052ea1ee91c16fbc2a9b1469cca0e54566977b02", size = 68109, upload-time = "2025-10-18T13:46:42.958Z" },
]
